
Microsoft Visual Studio Solution File, Format Version 12.00
# Visual Studio Version 16
VisualStudioVersion = 16.0.29613.14
MinimumVisualStudioVersion = 10.0.40219.1
Project("{8BC9CEB8-8B4A-11D0-8D11-00A0C91BC942}") = "LearnOpenGL", "LearnOpenGL\LearnOpenGL.vcxproj", "{29385DE1-38A1-459E-9314-120D9D2207F9}"
EndProject
Global
	GlobalSection(SolutionConfigurationPlatforms) = preSolution
		Debug|x64 = Debug|x64
		Debug|x86 = Debug|x86
		Release|x64 = Release|x64
		Release|x86 = Release|x86
	EndGlobalSection
	GlobalSection(ProjectConfigurationPlatforms) = postSolution
		{29385DE1-38A1-459E-9314-120D9D2207F9}.Debug|x64.ActiveCfg = Debug|x64
		{29385DE1-38A1-459E-9314-120D9D2207F9}.Debug|x64.Build.0 = Debug|x64
		{29385DE1-38A1-459E-9314-120D9D2207F9}.Debug|x86.ActiveCfg = Debug|Win32
		{29385DE1-38A1-459E-9314-120D9D2207F9}.Debug|x86.Build.0 = Debug|Win32
		{29385DE1-38A1-459E-9314-120D9D2207F9}.Release|x64.ActiveCfg = Release|x64
		{29385DE1-38A1-459E-9314-120D9D2207F9}.Release|x64.Build.0 = Release|x64
		{29385DE1-38A1-459E-9314-120D9D2207F9}.Release|x86.ActiveCfg = Release|Win32
		{29385DE1-38A1-459E-9314-120D9D2207F9}.Release|x86.Build.0 = Release|Win32
	EndGlobalSection
	GlobalSection(SolutionProperties) = preSolution
		HideSolutionNode = FALSE
	EndGlobalSection
	GlobalSection(ExtensibilityGlobals) = postSolution
		SolutionGuid = {19010A06-24D6-482D-A5EF-D8C61FB3D015}
	EndGlobalSection
EndGlobal
